// !$*UTF8*$!
{
	archiveVersion = 1;
	classes = {
	};
	objectVersion = 56;
	objects = {

/* Begin PBXBuildFile section */
		3D0BE4AF2F16357B00183E47 /* DailyWordBadge.swift in Sources */ = {isa = PBXBuildFile; fileRef = 3D0BE4AE2F16357B00183E47 /* DailyWordBadge.swift */; };
		3D0BE4B52F1635F400183E47 /* DailyWord.swift in Sources */ = {isa = PBXBuildFile; fileRef = 3D0BE4B42F1635F400183E47 /* DailyWord.swift */; };
		3D0BE4B72F16360000183E47 /* DailyWordService.swift in Sources */ = {isa = PBXBuildFile; fileRef = 3D0BE4B62F16360000183E47 /* DailyWordService.swift */; };
		3D0BE4BA2F167FA700183E47 /* DashboardView.swift in Sources */ = {isa = PBXBuildFile; fileRef = 3D0BE4B92F167FA700183E47 /* DashboardView.swift */; };
		3D0BE4BC2F167FCC00183E47 /* StatCard.swift in Sources */ = {isa = PBXBuildFile; fileRef = 3D0BE4BB2F167FCC00183E47 /* StatCard.swift */; };
		3D0BE4BE2F167FDB00183E47 /* DailyWordHeroCard.swift in Sources */ = {isa = PBXBuildFile; fileRef = 3D0BE4BD2F167FDB00183E47 /* DailyWordHeroCard.swift */; };
		3D0BE4C02F1680FF00183E47 /* UserStats.swift in Sources */ = {isa = PBXBuildFile; fileRef = 3D0BE4BF2F1680FF00183E47 /* UserStats.swift */; };
		3D0BE4C22F16891400183E47 /* RecentFilesManager.swift in Sources */ = {isa = PBXBuildFile; fileRef = 3D0BE4C12F16891400183E47 /* RecentFilesManager.swift */; };
		3D0BE4C42F16893000183E47 /* DailyWordCompactCard.swift in Sources */ = {isa = PBXBuildFile; fileRef = 3D0BE4C32F16893000183E47 /* DailyWordCompactCard.swift */; };
		3D0BE4C62F168B8800183E47 /* PersonalSpaceView.swift in Sources */ = {isa = PBXBuildFile; fileRef = 3D0BE4C52F168B8800183E47 /* PersonalSpaceView.swift */; };
		3D0BE4CA2F16A51B00183E47 /* MoreTabRootView.swift in Sources */ = {isa = PBXBuildFile; fileRef = 3D0BE4C82F16A51B00183E47 /* MoreTabRootView.swift */; };
		3D0BE4CB2F16A51B00183E47 /* PersonalTabRootView.swift in Sources */ = {isa = PBXBuildFile; fileRef = 3D0BE4C92F16A51B00183E47 /* PersonalTabRootView.swift */; };
		3D0BE4CC2F16A51B00183E47 /* BrowseView.swift in Sources */ = {isa = PBXBuildFile; fileRef = 3D0BE4C72F16A51B00183E47 /* BrowseView.swift */; };
		3D0BE4CF2F174B9200183E47 /* RecentFilesListView.swift in Sources */ = {isa = PBXBuildFile; fileRef = 3D0BE4CE2F174B9200183E47 /* RecentFilesListView.swift */; };
		3D0BE4D02F174B9200183E47 /* DetailStatsView.swift in Sources */ = {isa = PBXBuildFile; fileRef = 3D0BE4CD2F174B9200183E47 /* DetailStatsView.swift */; };
		3D0BE4D92F175BB000183E47 /* UserDetailView.swift in Sources */ = {isa = PBXBuildFile; fileRef = 3D0BE4D82F175BB000183E47 /* UserDetailView.swift */; };
		3D0BE4DA2F175BB000183E47 /* TeamManagementView.swift in Sources */ = {isa = PBXBuildFile; fileRef = 3D0BE4D72F175BB000183E47 /* TeamManagementView.swift */; };
		3D0BE4DC2F175C9600183E47 /* AdminService.swift in Sources */ = {isa = PBXBuildFile; fileRef = 3D0BE4DB2F175C9600183E47 /* AdminService.swift */; };
		3D0BE4DE2F176EA900183E47 /* GrantPermissionSheet.swift in Sources */ = {isa = PBXBuildFile; fileRef = 3D0BE4DD2F176EA900183E47 /* GrantPermissionSheet.swift */; };
		3D0BE4E02F17A06700183E47 /* FolderPickerView.swift in Sources */ = {isa = PBXBuildFile; fileRef = 3D0BE4DF2F17A06700183E47 /* FolderPickerView.swift */; };
		3D0BE4E22F17DA1900183E47 /* LanguageManager.swift in Sources */ = {isa = PBXBuildFile; fileRef = 3D0BE4E12F17DA1900183E47 /* LanguageManager.swift */; };
		3D0BE4E42F17DA2E00183E47 /* DailyWordsData.swift in Sources */ = {isa = PBXBuildFile; fileRef = 3D0BE4E32F17DA2E00183E47 /* DailyWordsData.swift */; };
		3D0BE4EA2F17DC5400183E47 /* Localizable.xcstrings in Resources */ = {isa = PBXBuildFile; fileRef = 3D0BE4E82F17DC5400183E47 /* Localizable.xcstrings */; };
		3D0BE4ED2F17DC7300183E47 /* SettingsView.swift in Sources */ = {isa = PBXBuildFile; fileRef = 3D0BE4EB2F17DC7300183E47 /* SettingsView.swift */; };
		3D0BE4EF2F17F99C00183E47 /* FilePreviewView.swift in Sources */ = {isa = PBXBuildFile; fileRef = 3D0BE4EE2F17F99C00183E47 /* FilePreviewView.swift */; };
		3D0BE4F12F17F9B000183E47 /* BatchShareDialogView.swift in Sources */ = {isa = PBXBuildFile; fileRef = 3D0BE4F02F17F9B000183E47 /* BatchShareDialogView.swift */; };
		3D0BE4F32F17FEBF00183E47 /* ShareDialogView.swift in Sources */ = {isa = PBXBuildFile; fileRef = 3D0BE4F22F17FEBF00183E47 /* ShareDialogView.swift */; };
		3D0BE4F52F18846B00183E47 /* Department+Extensions.swift in Sources */ = {isa = PBXBuildFile; fileRef = 3D0BE4F42F18846B00183E47 /* Department+Extensions.swift */; };
		3D0BE4F72F189A6E00183E47 /* Permission.swift in Sources */ = {isa = PBXBuildFile; fileRef = 3D0BE4F62F189A6E00183E47 /* Permission.swift */; };
		3D0BE4F92F18BFC300183E47 /* ToastManager.swift in Sources */ = {isa = PBXBuildFile; fileRef = 3D0BE4F82F18BFC300183E47 /* ToastManager.swift */; };
		3D0BE4FB2F18BFD300183E47 /* ToastView.swift in Sources */ = {isa = PBXBuildFile; fileRef = 3D0BE4FA2F18BFD300183E47 /* ToastView.swift */; };
		3D0BE4FD2F19133B00183E47 /* ImageCacheService.swift in Sources */ = {isa = PBXBuildFile; fileRef = 3D0BE4FC2F19133B00183E47 /* ImageCacheService.swift */; };
		3D0BE5002F19E98B00183E47 /* FileStore.swift in Sources */ = {isa = PBXBuildFile; fileRef = 3D0BE4FE2F19E98B00183E47 /* FileStore.swift */; };
		3D0BE5012F19E98B00183E47 /* ShareStore.swift in Sources */ = {isa = PBXBuildFile; fileRef = 3D0BE4FF2F19E98B00183E47 /* ShareStore.swift */; };
		3D58FFAE2F1A2D88009D2ECA /* DashboardStore.swift in Sources */ = {isa = PBXBuildFile; fileRef = 3D58FFAD2F1A2D88009D2ECA /* DashboardStore.swift */; };
		3D58FFB02F1A4394009D2ECA /* AppNotifications.swift in Sources */ = {isa = PBXBuildFile; fileRef = 3D58FFAF2F1A4394009D2ECA /* AppNotifications.swift */; };
		3DF4D70E2F232694002FC453 /* SharePreviewSheet.swift in Sources */ = {isa = PBXBuildFile; fileRef = 3DF4D70D2F232694002FC453 /* SharePreviewSheet.swift */; };
		3DF4D7102F2339EE002FC453 /* DownloadProgressView.swift in Sources */ = {isa = PBXBuildFile; fileRef = 3DF4D70F2F2339EE002FC453 /* DownloadProgressView.swift */; };
		3DF4D7122F233DFB002FC453 /* FileDownloader.swift in Sources */ = {isa = PBXBuildFile; fileRef = 3DF4D7112F233DFB002FC453 /* FileDownloader.swift */; };
		LH_BF_A1 /* APIClient.swift in Sources */ = {isa = PBXBuildFile; fileRef = LH_FR_A1 /* APIClient.swift */; };
		LH_BF_AM1 /* AuthManager.swift in Sources */ = {isa = PBXBuildFile; fileRef = LH_FR_AM1 /* AuthManager.swift */; };
		LH_BF_F1 /* FileItem.swift in Sources */ = {isa = PBXBuildFile; fileRef = LH_FR_F1 /* FileItem.swift */; };
		LH_BF_FB1 /* FileBrowserView.swift in Sources */ = {isa = PBXBuildFile; fileRef = LH_FR_FB1 /* FileBrowserView.swift */; };
		LH_BF_FCM1 /* FileCacheManager.swift in Sources */ = {isa = PBXBuildFile; fileRef = LH_FR_FCM1 /* FileCacheManager.swift */; };
		LH_BF_FPS1 /* FilePreviewSheet.swift in Sources */ = {isa = PBXBuildFile; fileRef = LH_FR_FPS1 /* FilePreviewSheet.swift */; };
		LH_BF_FS1 /* FileService.swift in Sources */ = {isa = PBXBuildFile; fileRef = LH_FR_FS1 /* FileService.swift */; };
		LH_BF_FSV1 /* FileStatsView.swift in Sources */ = {isa = PBXBuildFile; fileRef = LH_FR_FSV1 /* FileStatsView.swift */; };
		LH_BF_LV1 /* LoginView.swift in Sources */ = {isa = PBXBuildFile; fileRef = LH_FR_LV1 /* LoginView.swift */; };
		LH_BF_MT1 /* MainTabView.swift in Sources */ = {isa = PBXBuildFile; fileRef = LH_FR_MT1 /* MainTabView.swift */; };
		LH_BF_PCM1 /* PreviewCacheManager.swift in Sources */ = {isa = PBXBuildFile; fileRef = LH_FR_PCM1 /* PreviewCacheManager.swift */; };
		LH_BF_RV1 /* RecycleBinListView.swift in Sources */ = {isa = PBXBuildFile; fileRef = LH_FR_RV1 /* RecycleBinListView.swift */; };
		LH_BF_S1 /* ShareLink.swift in Sources */ = {isa = PBXBuildFile; fileRef = LH_FR_S1 /* ShareLink.swift */; };
		LH_BF_SB1 /* SidebarView.swift in Sources */ = {isa = PBXBuildFile; fileRef = LH_FR_SB1 /* SidebarView.swift */; };
		LH_BF_SHL1 /* SharesListView.swift in Sources */ = {isa = PBXBuildFile; fileRef = LH_FR_SHL1 /* SharesListView.swift */; };
		LH_BF_SL1 /* SearchListView.swift in Sources */ = {isa = PBXBuildFile; fileRef = LH_FR_SL1 /* SearchListView.swift */; };
		LH_BF_SS1 /* ShareService.swift in Sources */ = {isa = PBXBuildFile; fileRef = LH_FR_SS1 /* ShareService.swift */; };
		LH_BF_SV1 /* StarredView.swift in Sources */ = {isa = PBXBuildFile; fileRef = LH_FR_SV1 /* StarredView.swift */; };
		LH_BF_TV1 /* ThumbnailView.swift in Sources */ = {isa = PBXBuildFile; fileRef = LH_FR_TV1 /* ThumbnailView.swift */; };
		LH_BF_U1 /* User.swift in Sources */ = {isa = PBXBuildFile; fileRef = LH_FR_U1 /* User.swift */; };
		LH_BF_UPV1 /* UploadProgressView.swift in Sources */ = {isa = PBXBuildFile; fileRef = LH_FR_UPV1 /* UploadProgressView.swift */; };
		LH_BF_US1 /* UploadService.swift in Sources */ = {isa = PBXBuildFile; fileRef = LH_FR_US1 /* UploadService.swift */; };
		LONGHORN001 /* LonghornApp.swift in Sources */ = {isa = PBXBuildFile; fileRef = LONGHORN002 /* LonghornApp.swift */; };
		LONGHORN003 /* Assets.xcassets in Resources */ = {isa = PBXBuildFile; fileRef = LONGHORN004 /* Assets.xcassets */; };
		LONGHORN005 /* ContentView.swift in Sources */ = {isa = PBXBuildFile; fileRef = LONGHORN006 /* ContentView.swift */; };
/* End PBXBuildFile section */

/* Begin PBXFileReference section */
		3D0BE4AE2F16357B00183E47 /* DailyWordBadge.swift */ = {isa = PBXFileReference; lastKnownFileType = sourcecode.swift; path = DailyWordBadge.swift; sourceTree = "<group>"; };
		3D0BE4B42F1635F400183E47 /* DailyWord.swift */ = {isa = PBXFileReference; lastKnownFileType = sourcecode.swift; path = DailyWord.swift; sourceTree = "<group>"; };
		3D0BE4B62F16360000183E47 /* DailyWordService.swift */ = {isa = PBXFileReference; lastKnownFileType = sourcecode.swift; path = DailyWordService.swift; sourceTree = "<group>"; };
		3D0BE4B82F16505B00183E47 /* Info.plist */ = {isa = PBXFileReference; lastKnownFileType = text.plist; path = Info.plist; sourceTree = "<group>"; };
		3D0BE4B92F167FA700183E47 /* DashboardView.swift */ = {isa = PBXFileReference; lastKnownFileType = sourcecode.swift; path = DashboardView.swift; sourceTree = "<group>"; };
		3D0BE4BB2F167FCC00183E47 /* StatCard.swift */ = {isa = PBXFileReference; lastKnownFileType = sourcecode.swift; path = StatCard.swift; sourceTree = "<group>"; };
		3D0BE4BD2F167FDB00183E47 /* DailyWordHeroCard.swift */ = {isa = PBXFileReference; lastKnownFileType = sourcecode.swift; path = DailyWordHeroCard.swift; sourceTree = "<group>"; };
		3D0BE4BF2F1680FF00183E47 /* UserStats.swift */ = {isa = PBXFileReference; lastKnownFileType = sourcecode.swift; path = UserStats.swift; sourceTree = "<group>"; };
		3D0BE4C12F16891400183E47 /* RecentFilesManager.swift */ = {isa = PBXFileReference; lastKnownFileType = sourcecode.swift; path = RecentFilesManager.swift; sourceTree = "<group>"; };
		3D0BE4C32F16893000183E47 /* DailyWordCompactCard.swift */ = {isa = PBXFileReference; lastKnownFileType = sourcecode.swift; path = DailyWordCompactCard.swift; sourceTree = "<group>"; };
		3D0BE4C52F168B8800183E47 /* PersonalSpaceView.swift */ = {isa = PBXFileReference; lastKnownFileType = sourcecode.swift; path = PersonalSpaceView.swift; sourceTree = "<group>"; };
		3D0BE4C72F16A51B00183E47 /* BrowseView.swift */ = {isa = PBXFileReference; lastKnownFileType = sourcecode.swift; path = BrowseView.swift; sourceTree = "<group>"; };
		3D0BE4C82F16A51B00183E47 /* MoreTabRootView.swift */ = {isa = PBXFileReference; lastKnownFileType = sourcecode.swift; path = MoreTabRootView.swift; sourceTree = "<group>"; };
		3D0BE4C92F16A51B00183E47 /* PersonalTabRootView.swift */ = {isa = PBXFileReference; lastKnownFileType = sourcecode.swift; path = PersonalTabRootView.swift; sourceTree = "<group>"; };
		3D0BE4CD2F174B9200183E47 /* DetailStatsView.swift */ = {isa = PBXFileReference; lastKnownFileType = sourcecode.swift; path = DetailStatsView.swift; sourceTree = "<group>"; };
		3D0BE4CE2F174B9200183E47 /* RecentFilesListView.swift */ = {isa = PBXFileReference; lastKnownFileType = sourcecode.swift; path = RecentFilesListView.swift; sourceTree = "<group>"; };
		3D0BE4D72F175BB000183E47 /* TeamManagementView.swift */ = {isa = PBXFileReference; lastKnownFileType = sourcecode.swift; path = TeamManagementView.swift; sourceTree = "<group>"; };
		3D0BE4D82F175BB000183E47 /* UserDetailView.swift */ = {isa = PBXFileReference; lastKnownFileType = sourcecode.swift; path = UserDetailView.swift; sourceTree = "<group>"; };
		3D0BE4DB2F175C9600183E47 /* AdminService.swift */ = {isa = PBXFileReference; lastKnownFileType = sourcecode.swift; path = AdminService.swift; sourceTree = "<group>"; };
		3D0BE4DD2F176EA900183E47 /* GrantPermissionSheet.swift */ = {isa = PBXFileReference; lastKnownFileType = sourcecode.swift; path = GrantPermissionSheet.swift; sourceTree = "<group>"; };
		3D0BE4DF2F17A06700183E47 /* FolderPickerView.swift */ = {isa = PBXFileReference; lastKnownFileType = sourcecode.swift; path = FolderPickerView.swift; sourceTree = "<group>"; };
		3D0BE4E12F17DA1900183E47 /* LanguageManager.swift */ = {isa = PBXFileReference; lastKnownFileType = sourcecode.swift; path = LanguageManager.swift; sourceTree = "<group>"; };
		3D0BE4E32F17DA2E00183E47 /* DailyWordsData.swift */ = {isa = PBXFileReference; lastKnownFileType = sourcecode.swift; path = DailyWordsData.swift; sourceTree = "<group>"; };
		3D0BE4E82F17DC5400183E47 /* Localizable.xcstrings */ = {isa = PBXFileReference; lastKnownFileType = text.json.xcstrings; path = Localizable.xcstrings; sourceTree = "<group>"; };
		3D0BE4EB2F17DC7300183E47 /* SettingsView.swift */ = {isa = PBXFileReference; lastKnownFileType = sourcecode.swift; path = SettingsView.swift; sourceTree = "<group>"; };
		3D0BE4EE2F17F99C00183E47 /* FilePreviewView.swift */ = {isa = PBXFileReference; lastKnownFileType = sourcecode.swift; path = FilePreviewView.swift; sourceTree = "<group>"; };
		3D0BE4F02F17F9B000183E47 /* BatchShareDialogView.swift */ = {isa = PBXFileReference; lastKnownFileType = sourcecode.swift; path = BatchShareDialogView.swift; sourceTree = "<group>"; };
		3D0BE4F22F17FEBF00183E47 /* ShareDialogView.swift */ = {isa = PBXFileReference; lastKnownFileType = sourcecode.swift; path = ShareDialogView.swift; sourceTree = "<group>"; };
		3D0BE4F42F18846B00183E47 /* Department+Extensions.swift */ = {isa = PBXFileReference; lastKnownFileType = sourcecode.swift; path = "Department+Extensions.swift"; sourceTree = "<group>"; };
		3D0BE4F62F189A6E00183E47 /* Permission.swift */ = {isa = PBXFileReference; lastKnownFileType = sourcecode.swift; path = Permission.swift; sourceTree = "<group>"; };
		3D0BE4F82F18BFC300183E47 /* ToastManager.swift */ = {isa = PBXFileReference; lastKnownFileType = sourcecode.swift; path = ToastManager.swift; sourceTree = "<group>"; };
		3D0BE4FA2F18BFD300183E47 /* ToastView.swift */ = {isa = PBXFileReference; lastKnownFileType = sourcecode.swift; path = ToastView.swift; sourceTree = "<group>"; };
		3D0BE4FC2F19133B00183E47 /* ImageCacheService.swift */ = {isa = PBXFileReference; lastKnownFileType = sourcecode.swift; path = ImageCacheService.swift; sourceTree = "<group>"; };
		3D0BE4FE2F19E98B00183E47 /* FileStore.swift */ = {isa = PBXFileReference; lastKnownFileType = sourcecode.swift; path = FileStore.swift; sourceTree = "<group>"; };
		3D0BE4FF2F19E98B00183E47 /* ShareStore.swift */ = {isa = PBXFileReference; lastKnownFileType = sourcecode.swift; path = ShareStore.swift; sourceTree = "<group>"; };
		3D58FFAD2F1A2D88009D2ECA /* DashboardStore.swift */ = {isa = PBXFileReference; lastKnownFileType = sourcecode.swift; path = DashboardStore.swift; sourceTree = "<group>"; };
		3D58FFAF2F1A4394009D2ECA /* AppNotifications.swift */ = {isa = PBXFileReference; lastKnownFileType = sourcecode.swift; path = AppNotifications.swift; sourceTree = "<group>"; };
		3DF4D70D2F232694002FC453 /* SharePreviewSheet.swift */ = {isa = PBXFileReference; lastKnownFileType = sourcecode.swift; path = SharePreviewSheet.swift; sourceTree = "<group>"; };
		3DF4D70F2F2339EE002FC453 /* DownloadProgressView.swift */ = {isa = PBXFileReference; lastKnownFileType = sourcecode.swift; path = DownloadProgressView.swift; sourceTree = "<group>"; };
		3DF4D7112F233DFB002FC453 /* FileDownloader.swift */ = {isa = PBXFileReference; lastKnownFileType = sourcecode.swift; path = FileDownloader.swift; sourceTree = "<group>"; };
		LH_FR_A1 /* APIClient.swift */ = {isa = PBXFileReference; lastKnownFileType = sourcecode.swift; path = APIClient.swift; sourceTree = "<group>"; };
		LH_FR_AM1 /* AuthManager.swift */ = {isa = PBXFileReference; lastKnownFileType = sourcecode.swift; path = AuthManager.swift; sourceTree = "<group>"; };
		LH_FR_F1 /* FileItem.swift */ = {isa = PBXFileReference; lastKnownFileType = sourcecode.swift; path = FileItem.swift; sourceTree = "<group>"; };
		LH_FR_FB1 /* FileBrowserView.swift */ = {isa = PBXFileReference; lastKnownFileType = sourcecode.swift; path = FileBrowserView.swift; sourceTree = "<group>"; };
		LH_FR_FCM1 /* FileCacheManager.swift */ = {isa = PBXFileReference; lastKnownFileType = sourcecode.swift; path = FileCacheManager.swift; sourceTree = "<group>"; };
		LH_FR_FPS1 /* FilePreviewSheet.swift */ = {isa = PBXFileReference; lastKnownFileType = sourcecode.swift; path = FilePreviewSheet.swift; sourceTree = "<group>"; };
		LH_FR_FS1 /* FileService.swift */ = {isa = PBXFileReference; lastKnownFileType = sourcecode.swift; path = FileService.swift; sourceTree = "<group>"; };
		LH_FR_FSV1 /* FileStatsView.swift */ = {isa = PBXFileReference; lastKnownFileType = sourcecode.swift; path = FileStatsView.swift; sourceTree = "<group>"; };
		LH_FR_LV1 /* LoginView.swift */ = {isa = PBXFileReference; lastKnownFileType = sourcecode.swift; path = LoginView.swift; sourceTree = "<group>"; };
		LH_FR_MT1 /* MainTabView.swift */ = {isa = PBXFileReference; lastKnownFileType = sourcecode.swift; path = MainTabView.swift; sourceTree = "<group>"; };
		LH_FR_PCM1 /* PreviewCacheManager.swift */ = {isa = PBXFileReference; lastKnownFileType = sourcecode.swift; path = PreviewCacheManager.swift; sourceTree = "<group>"; };
		LH_FR_RV1 /* RecycleBinListView.swift */ = {isa = PBXFileReference; lastKnownFileType = sourcecode.swift; path = RecycleBinListView.swift; sourceTree = "<group>"; };
		LH_FR_S1 /* ShareLink.swift */ = {isa = PBXFileReference; lastKnownFileType = sourcecode.swift; path = ShareLink.swift; sourceTree = "<group>"; };
		LH_FR_SB1 /* SidebarView.swift */ = {isa = PBXFileReference; lastKnownFileType = sourcecode.swift; path = SidebarView.swift; sourceTree = "<group>"; };
		LH_FR_SHL1 /* SharesListView.swift */ = {isa = PBXFileReference; lastKnownFileType = sourcecode.swift; path = SharesListView.swift; sourceTree = "<group>"; };
		LH_FR_SL1 /* SearchListView.swift */ = {isa = PBXFileReference; lastKnownFileType = sourcecode.swift; path = SearchListView.swift; sourceTree = "<group>"; };
		LH_FR_SS1 /* ShareService.swift */ = {isa = PBXFileReference; lastKnownFileType = sourcecode.swift; path = ShareService.swift; sourceTree = "<group>"; };
		LH_FR_SV1 /* StarredView.swift */ = {isa = PBXFileReference; lastKnownFileType = sourcecode.swift; path = StarredView.swift; sourceTree = "<group>"; };
		LH_FR_TV1 /* ThumbnailView.swift */ = {isa = PBXFileReference; lastKnownFileType = sourcecode.swift; path = ThumbnailView.swift; sourceTree = "<group>"; };
		LH_FR_U1 /* User.swift */ = {isa = PBXFileReference; lastKnownFileType = sourcecode.swift; path = User.swift; sourceTree = "<group>"; };
		LH_FR_UPV1 /* UploadProgressView.swift */ = {isa = PBXFileReference; lastKnownFileType = sourcecode.swift; path = UploadProgressView.swift; sourceTree = "<group>"; };
		LH_FR_US1 /* UploadService.swift */ = {isa = PBXFileReference; lastKnownFileType = sourcecode.swift; path = UploadService.swift; sourceTree = "<group>"; };
		LONGHORN002 /* LonghornApp.swift */ = {isa = PBXFileReference; lastKnownFileType = sourcecode.swift; path = LonghornApp.swift; sourceTree = "<group>"; };
		LONGHORN004 /* Assets.xcassets */ = {isa = PBXFileReference; lastKnownFileType = folder.assetcatalog; path = Assets.xcassets; sourceTree = "<group>"; };
		LONGHORN006 /* ContentView.swift */ = {isa = PBXFileReference; lastKnownFileType = sourcecode.swift; path = ContentView.swift; sourceTree = "<group>"; };
		LONGHORN007 /* LonghornApp.app */ = {isa = PBXFileReference; explicitFileType = wrapper.application; includeInIndex = 0; path = LonghornApp.app; sourceTree = BUILT_PRODUCTS_DIR; };
/* End PBXFileReference section */

/* Begin PBXGroup section */
		3D0BE4E92F17DC5400183E47 /* Resources */ = {
			isa = PBXGroup;
			children = (
				3D0BE4E82F17DC5400183E47 /* Localizable.xcstrings */,
			);
			path = Resources;
			sourceTree = "<group>";
		};
		3D0BE4EC2F17DC7300183E47 /* Settings */ = {
			isa = PBXGroup;
			children = (
				3D0BE4EB2F17DC7300183E47 /* SettingsView.swift */,
			);
			path = Settings;
			sourceTree = "<group>";
		};
		LH_G_AUTH /* Auth */ = {
			isa = PBXGroup;
			children = (
				LH_FR_LV1 /* LoginView.swift */,
			);
			path = Auth;
			sourceTree = "<group>";
		};
		LH_G_COMPONENTS /* Components */ = {
			isa = PBXGroup;
			children = (
				3DF4D70F2F2339EE002FC453 /* DownloadProgressView.swift */,
				3D0BE4FA2F18BFD300183E47 /* ToastView.swift */,
				3D0BE4C32F16893000183E47 /* DailyWordCompactCard.swift */,
				3D0BE4BD2F167FDB00183E47 /* DailyWordHeroCard.swift */,
				3D0BE4BB2F167FCC00183E47 /* StatCard.swift */,
				3D0BE4AE2F16357B00183E47 /* DailyWordBadge.swift */,
				LH_FR_FPS1 /* FilePreviewSheet.swift */,
				LH_FR_TV1 /* ThumbnailView.swift */,
			);
			path = Components;
			sourceTree = "<group>";
		};
		LH_G_FILES /* Files */ = {
			isa = PBXGroup;
			children = (
				3D0BE4EE2F17F99C00183E47 /* FilePreviewView.swift */,
				LH_FR_FB1 /* FileBrowserView.swift */,
				LH_FR_SL1 /* SearchListView.swift */,
				LH_FR_UPV1 /* UploadProgressView.swift */,
				LH_FR_FSV1 /* FileStatsView.swift */,
			);
			path = Files;
			sourceTree = "<group>";
		};
		LH_G_MAIN /* Main */ = {
			isa = PBXGroup;
			children = (
				3D0BE4CD2F174B9200183E47 /* DetailStatsView.swift */,
				3D0BE4CE2F174B9200183E47 /* RecentFilesListView.swift */,
				3D0BE4C72F16A51B00183E47 /* BrowseView.swift */,
				3D0BE4C82F16A51B00183E47 /* MoreTabRootView.swift */,
				3D0BE4C92F16A51B00183E47 /* PersonalTabRootView.swift */,
				3D0BE4C52F168B8800183E47 /* PersonalSpaceView.swift */,
				3D0BE4B92F167FA700183E47 /* DashboardView.swift */,
				LH_FR_MT1 /* MainTabView.swift */,
				LH_FR_SB1 /* SidebarView.swift */,
			);
			path = Main;
			sourceTree = "<group>";
		};
		LH_G_MODELS /* Models */ = {
			isa = PBXGroup;
			children = (
				3D0BE4F62F189A6E00183E47 /* Permission.swift */,
				3D0BE4F42F18846B00183E47 /* Department+Extensions.swift */,
				3D0BE4E32F17DA2E00183E47 /* DailyWordsData.swift */,
				3D0BE4BF2F1680FF00183E47 /* UserStats.swift */,
				3D0BE4B42F1635F400183E47 /* DailyWord.swift */,
				LH_FR_U1 /* User.swift */,
				LH_FR_F1 /* FileItem.swift */,
				LH_FR_S1 /* ShareLink.swift */,
			);
			path = Models;
			sourceTree = "<group>";
		};
		LH_G_RECYCLE /* RecycleBin */ = {
			isa = PBXGroup;
			children = (
				LH_FR_RV1 /* RecycleBinListView.swift */,
			);
			path = RecycleBin;
			sourceTree = "<group>";
		};
		LH_G_SERVICES /* Services */ = {
			isa = PBXGroup;
			children = (
				3DF4D7112F233DFB002FC453 /* FileDownloader.swift */,
				3D58FFAF2F1A4394009D2ECA /* AppNotifications.swift */,
				3D58FFAD2F1A2D88009D2ECA /* DashboardStore.swift */,
				3D0BE4FE2F19E98B00183E47 /* FileStore.swift */,
				3D0BE4FF2F19E98B00183E47 /* ShareStore.swift */,
				3D0BE4FC2F19133B00183E47 /* ImageCacheService.swift */,
				3D0BE4F82F18BFC300183E47 /* ToastManager.swift */,
				3D0BE4E12F17DA1900183E47 /* LanguageManager.swift */,
				3D0BE4DB2F175C9600183E47 /* AdminService.swift */,
				3D0BE4C12F16891400183E47 /* RecentFilesManager.swift */,
				3D0BE4B62F16360000183E47 /* DailyWordService.swift */,
				LH_FR_A1 /* APIClient.swift */,
				LH_FR_AM1 /* AuthManager.swift */,
				LH_FR_FS1 /* FileService.swift */,
				LH_FR_SS1 /* ShareService.swift */,
				LH_FR_FCM1 /* FileCacheManager.swift */,
				LH_FR_US1 /* UploadService.swift */,
				LH_FR_PCM1 /* PreviewCacheManager.swift */,
			);
			path = Services;
			sourceTree = "<group>";
		};
		LH_G_SHARES /* Shares */ = {
			isa = PBXGroup;
			children = (
				3DF4D70D2F232694002FC453 /* SharePreviewSheet.swift */,
				3D0BE4F22F17FEBF00183E47 /* ShareDialogView.swift */,
				3D0BE4F02F17F9B000183E47 /* BatchShareDialogView.swift */,
				LH_FR_SHL1 /* SharesListView.swift */,
			);
			path = Shares;
			sourceTree = "<group>";
		};
		LH_G_STARRED /* Starred */ = {
			isa = PBXGroup;
			children = (
				LH_FR_SV1 /* StarredView.swift */,
			);
			path = Starred;
			sourceTree = "<group>";
		};
		LH_G_VIEWS /* Views */ = {
			isa = PBXGroup;
			children = (
				3D0BE4EC2F17DC7300183E47 /* Settings */,
				LH_G_AUTH /* Auth */,
				LH_G_MAIN /* Main */,
				LH_G_FILES /* Files */,
				LH_G_STARRED /* Starred */,
				LH_G_RECYCLE /* RecycleBin */,
				LH_G_SHARES /* Shares */,
				LH_G_COMPONENTS /* Components */,
			);
			path = Views;
			sourceTree = "<group>";
		};
		LONGHORN008 = {
			isa = PBXGroup;
			children = (
				LONGHORN009 /* LonghornApp */,
				LONGHORN010 /* Products */,
			);
			sourceTree = "<group>";
		};
		LONGHORN009 /* LonghornApp */ = {
			isa = PBXGroup;
			children = (
				3D0BE4E92F17DC5400183E47 /* Resources */,
				3D0BE4DF2F17A06700183E47 /* FolderPickerView.swift */,
				3D0BE4DD2F176EA900183E47 /* GrantPermissionSheet.swift */,
				3D0BE4D72F175BB000183E47 /* TeamManagementView.swift */,
				3D0BE4D82F175BB000183E47 /* UserDetailView.swift */,
				3D0BE4B82F16505B00183E47 /* Info.plist */,
				LONGHORN002 /* LonghornApp.swift */,
				LONGHORN006 /* ContentView.swift */,
				LONGHORN004 /* Assets.xcassets */,
				LH_G_MODELS /* Models */,
				LH_G_SERVICES /* Services */,
				LH_G_VIEWS /* Views */,
			);
			path = LonghornApp;
			sourceTree = "<group>";
		};
		LONGHORN010 /* Products */ = {
			isa = PBXGroup;
			children = (
				LONGHORN007 /* LonghornApp.app */,
			);
			name = Products;
			sourceTree = "<group>";
		};
/* End PBXGroup section */

/* Begin PBXNativeTarget section */
		LONGHORN011 /* LonghornApp */ = {
			isa = PBXNativeTarget;
			buildConfigurationList = LONGHORN012 /* Build configuration list for PBXNativeTarget "LonghornApp" */;
			buildPhases = (
				LONGHORN013 /* Sources */,
				LONGHORN014 /* Resources */,
			);
			buildRules = (
			);
			dependencies = (
			);
			name = LonghornApp;
			productName = LonghornApp;
			productReference = LONGHORN007 /* LonghornApp.app */;
			productType = "com.apple.product-type.application";
		};
/* End PBXNativeTarget section */

/* Begin PBXProject section */
		LONGHORN015 /* Project object */ = {
			isa = PBXProject;
			attributes = {
				BuildIndependentTargetsInParallel = 1;
				LastSwiftUpdateCheck = 1500;
				LastUpgradeCheck = 2610;
				TargetAttributes = {
					LONGHORN011 = {
						CreatedOnToolsVersion = 15.0;
					};
				};
			};
			buildConfigurationList = LONGHORN016 /* Build configuration list for PBXProject "LonghornApp" */;
			compatibilityVersion = "Xcode 14.0";
			developmentRegion = en;
			hasScannedForEncodings = 0;
			knownRegions = (
				en,
				"zh-Hans",
				de,
				ja,
			);
			mainGroup = LONGHORN008;
			productRefGroup = LONGHORN010 /* Products */;
			projectDirPath = "";
			projectRoot = "";
			targets = (
				LONGHORN011 /* LonghornApp */,
			);
		};
/* End PBXProject section */

/* Begin PBXResourcesBuildPhase section */
		LONGHORN014 /* Resources */ = {
			isa = PBXResourcesBuildPhase;
			buildActionMask = 2147483647;
			files = (
				3D0BE4EA2F17DC5400183E47 /* Localizable.xcstrings in Resources */,
				LONGHORN003 /* Assets.xcassets in Resources */,
			);
			runOnlyForDeploymentPostprocessing = 0;
		};
/* End PBXResourcesBuildPhase section */

/* Begin PBXSourcesBuildPhase section */
		LONGHORN013 /* Sources */ = {
			isa = PBXSourcesBuildPhase;
			buildActionMask = 2147483647;
			files = (
				LONGHORN001 /* LonghornApp.swift in Sources */,
				3D0BE4C42F16893000183E47 /* DailyWordCompactCard.swift in Sources */,
				3D58FFAE2F1A2D88009D2ECA /* DashboardStore.swift in Sources */,
				3D0BE4CF2F174B9200183E47 /* RecentFilesListView.swift in Sources */,
				3D0BE4D02F174B9200183E47 /* DetailStatsView.swift in Sources */,
				3DF4D7102F2339EE002FC453 /* DownloadProgressView.swift in Sources */,
				3D0BE4F92F18BFC300183E47 /* ToastManager.swift in Sources */,
				LONGHORN005 /* ContentView.swift in Sources */,
				3DF4D7122F233DFB002FC453 /* FileDownloader.swift in Sources */,
				3D0BE4C22F16891400183E47 /* RecentFilesManager.swift in Sources */,
				3DF4D70E2F232694002FC453 /* SharePreviewSheet.swift in Sources */,
				LH_BF_U1 /* User.swift in Sources */,
				3D0BE4BE2F167FDB00183E47 /* DailyWordHeroCard.swift in Sources */,
				3D0BE4ED2F17DC7300183E47 /* SettingsView.swift in Sources */,
				3D0BE4E22F17DA1900183E47 /* LanguageManager.swift in Sources */,
				LH_BF_F1 /* FileItem.swift in Sources */,
				3D0BE4B72F16360000183E47 /* DailyWordService.swift in Sources */,
				3D0BE4E02F17A06700183E47 /* FolderPickerView.swift in Sources */,
				LH_BF_S1 /* ShareLink.swift in Sources */,
				LH_BF_A1 /* APIClient.swift in Sources */,
				3D0BE4FB2F18BFD300183E47 /* ToastView.swift in Sources */,
				LH_BF_AM1 /* AuthManager.swift in Sources */,
				LH_BF_FS1 /* FileService.swift in Sources */,
				LH_BF_SS1 /* ShareService.swift in Sources */,
				3D0BE4F32F17FEBF00183E47 /* ShareDialogView.swift in Sources */,
				3D0BE4C62F168B8800183E47 /* PersonalSpaceView.swift in Sources */,
				3D0BE4F52F18846B00183E47 /* Department+Extensions.swift in Sources */,
				LH_BF_LV1 /* LoginView.swift in Sources */,
				LH_BF_MT1 /* MainTabView.swift in Sources */,
				LH_BF_SB1 /* SidebarView.swift in Sources */,
				3D0BE5002F19E98B00183E47 /* FileStore.swift in Sources */,
				3D0BE5012F19E98B00183E47 /* ShareStore.swift in Sources */,
				LH_BF_FB1 /* FileBrowserView.swift in Sources */,
				3D58FFB02F1A4394009D2ECA /* AppNotifications.swift in Sources */,
				LH_BF_SL1 /* SearchListView.swift in Sources */,
				LH_BF_SV1 /* StarredView.swift in Sources */,
				3D0BE4EF2F17F99C00183E47 /* FilePreviewView.swift in Sources */,
				LH_BF_RV1 /* RecycleBinListView.swift in Sources */,
				3D0BE4BA2F167FA700183E47 /* DashboardView.swift in Sources */,
				3D0BE4D92F175BB000183E47 /* UserDetailView.swift in Sources */,
				3D0BE4DA2F175BB000183E47 /* TeamManagementView.swift in Sources */,
				3D0BE4F72F189A6E00183E47 /* Permission.swift in Sources */,
				3D0BE4BC2F167FCC00183E47 /* StatCard.swift in Sources */,
				3D0BE4C02F1680FF00183E47 /* UserStats.swift in Sources */,
				3D0BE4F12F17F9B000183E47 /* BatchShareDialogView.swift in Sources */,
				LH_BF_SHL1 /* SharesListView.swift in Sources */,
				3D0BE4AF2F16357B00183E47 /* DailyWordBadge.swift in Sources */,
				3D0BE4CA2F16A51B00183E47 /* MoreTabRootView.swift in Sources */,
				3D0BE4CB2F16A51B00183E47 /* PersonalTabRootView.swift in Sources */,
				3D0BE4CC2F16A51B00183E47 /* BrowseView.swift in Sources */,
				LH_BF_FCM1 /* FileCacheManager.swift in Sources */,
				LH_BF_US1 /* UploadService.swift in Sources */,
				LH_BF_FPS1 /* FilePreviewSheet.swift in Sources */,
				3D0BE4B52F1635F400183E47 /* DailyWord.swift in Sources */,
				3D0BE4E42F17DA2E00183E47 /* DailyWordsData.swift in Sources */,
				LH_BF_TV1 /* ThumbnailView.swift in Sources */,
				LH_BF_PCM1 /* PreviewCacheManager.swift in Sources */,
				LH_BF_UPV1 /* UploadProgressView.swift in Sources */,
				LH_BF_FSV1 /* FileStatsView.swift in Sources */,
				3D0BE4DC2F175C9600183E47 /* AdminService.swift in Sources */,
				3D0BE4DE2F176EA900183E47 /* GrantPermissionSheet.swift in Sources */,
				3D0BE4FD2F19133B00183E47 /* ImageCacheService.swift in Sources */,
			);
			runOnlyForDeploymentPostprocessing = 0;
		};
/* End PBXSourcesBuildPhase section */

/* Begin XCBuildConfiguration section */
		LONGHORN017 /* Debug */ = {
			isa = XCBuildConfiguration;
			buildSettings = {
				ALWAYS_SEARCH_USER_PATHS = NO;
				ASSETCATALOG_COMPILER_GENERATE_SWIFT_ASSET_SYMBOL_EXTENSIONS = YES;
				CLANG_ANALYZER_LOCALIZABILITY_NONLOCALIZED = YES;
				CLANG_ANALYZER_NONNULL = YES;
				CLANG_CXX_LANGUAGE_STANDARD = "gnu++20";
				CLANG_ENABLE_MODULES = YES;
				CLANG_ENABLE_OBJC_ARC = YES;
				CLANG_WARN_BLOCK_CAPTURE_AUTORELEASING = YES;
				CLANG_WARN_BOOL_CONVERSION = YES;
				CLANG_WARN_COMMA = YES;
				CLANG_WARN_CONSTANT_CONVERSION = YES;
				CLANG_WARN_DEPRECATED_OBJC_IMPLEMENTATIONS = YES;
				CLANG_WARN_DIRECT_OBJC_ISA_USAGE = YES_ERROR;
				CLANG_WARN_DOCUMENTATION_COMMENTS = YES;
				CLANG_WARN_EMPTY_BODY = YES;
				CLANG_WARN_ENUM_CONVERSION = YES;
				CLANG_WARN_INFINITE_RECURSION = YES;
				CLANG_WARN_INT_CONVERSION = YES;
				CLANG_WARN_NON_LITERAL_NULL_CONVERSION = YES;
				CLANG_WARN_OBJC_IMPLICIT_RETAIN_SELF = YES;
				CLANG_WARN_OBJC_LITERAL_CONVERSION = YES;
				CLANG_WARN_OBJC_ROOT_CLASS = YES_ERROR;
				CLANG_WARN_QUOTED_INCLUDE_IN_FRAMEWORK_HEADER = YES;
				CLANG_WARN_RANGE_LOOP_ANALYSIS = YES;
				CLANG_WARN_STRICT_PROTOTYPES = YES;
				CLANG_WARN_SUSPICIOUS_MOVE = YES;
				CLANG_WARN_UNGUARDED_AVAILABILITY = YES_AGGRESSIVE;
				CLANG_WARN_UNREACHABLE_CODE = YES;
				CLANG_WARN__DUPLICATE_METHOD_MATCH = YES;
				COPY_PHASE_STRIP = NO;
				DEBUG_INFORMATION_FORMAT = dwarf;
				DEVELOPMENT_TEAM = P98ZU6498D;
				ENABLE_STRICT_OBJC_MSGSEND = YES;
				ENABLE_TESTABILITY = YES;
				ENABLE_USER_SCRIPT_SANDBOXING = YES;
				GCC_C_LANGUAGE_STANDARD = gnu17;
				GCC_DYNAMIC_NO_PIC = NO;
				GCC_NO_COMMON_BLOCKS = YES;
				GCC_OPTIMIZATION_LEVEL = 0;
				GCC_PREPROCESSOR_DEFINITIONS = (
					"DEBUG=1",
					"$(inherited)",
				);
				GCC_WARN_64_TO_32_BIT_CONVERSION = YES;
				GCC_WARN_ABOUT_RETURN_TYPE = YES_ERROR;
				GCC_WARN_UNDECLARED_SELECTOR = YES;
				GCC_WARN_UNINITIALIZED_AUTOS = YES_AGGRESSIVE;
				GCC_WARN_UNUSED_FUNCTION = YES;
				GCC_WARN_UNUSED_VARIABLE = YES;
				IPHONEOS_DEPLOYMENT_TARGET = 17.0;
				MTL_ENABLE_DEBUG_INFO = INCLUDE_SOURCE;
				MTL_FAST_MATH = YES;
				ONLY_ACTIVE_ARCH = YES;
				SDKROOT = iphoneos;
				STRING_CATALOG_GENERATE_SYMBOLS = YES;
				SWIFT_ACTIVE_COMPILATION_CONDITIONS = "DEBUG $(inherited)";
				SWIFT_OPTIMIZATION_LEVEL = "-Onone";
			};
			name = Debug;
		};
		LONGHORN018 /* Release */ = {
			isa = XCBuildConfiguration;
			buildSettings = {
				ALWAYS_SEARCH_USER_PATHS = NO;
				ASSETCATALOG_COMPILER_GENERATE_SWIFT_ASSET_SYMBOL_EXTENSIONS = YES;
				CLANG_ANALYZER_LOCALIZABILITY_NONLOCALIZED = YES;
				CLANG_ANALYZER_NONNULL = YES;
				CLANG_CXX_LANGUAGE_STANDARD = "gnu++20";
				CLANG_ENABLE_MODULES = YES;
				CLANG_ENABLE_OBJC_ARC = YES;
				CLANG_WARN_BLOCK_CAPTURE_AUTORELEASING = YES;
				CLANG_WARN_BOOL_CONVERSION = YES;
				CLANG_WARN_COMMA = YES;
				CLANG_WARN_CONSTANT_CONVERSION = YES;
				CLANG_WARN_DEPRECATED_OBJC_IMPLEMENTATIONS = YES;
				CLANG_WARN_DIRECT_OBJC_ISA_USAGE = YES_ERROR;
				CLANG_WARN_DOCUMENTATION_COMMENTS = YES;
				CLANG_WARN_EMPTY_BODY = YES;
				CLANG_WARN_ENUM_CONVERSION = YES;
				CLANG_WARN_INFINITE_RECURSION = YES;
				CLANG_WARN_INT_CONVERSION = YES;
				CLANG_WARN_NON_LITERAL_NULL_CONVERSION = YES;
				CLANG_WARN_OBJC_IMPLICIT_RETAIN_SELF = YES;
				CLANG_WARN_OBJC_LITERAL_CONVERSION = YES;
				CLANG_WARN_OBJC_ROOT_CLASS = YES_ERROR;
				CLANG_WARN_QUOTED_INCLUDE_IN_FRAMEWORK_HEADER = YES;
				CLANG_WARN_RANGE_LOOP_ANALYSIS = YES;
				CLANG_WARN_STRICT_PROTOTYPES = YES;
				CLANG_WARN_SUSPICIOUS_MOVE = YES;
				CLANG_WARN_UNGUARDED_AVAILABILITY = YES_AGGRESSIVE;
				CLANG_WARN_UNREACHABLE_CODE = YES;
				CLANG_WARN__DUPLICATE_METHOD_MATCH = YES;
				COPY_PHASE_STRIP = NO;
				DEBUG_INFORMATION_FORMAT = "dwarf-with-dsym";
				DEVELOPMENT_TEAM = P98ZU6498D;
				ENABLE_NS_ASSERTIONS = NO;
				ENABLE_STRICT_OBJC_MSGSEND = YES;
				ENABLE_USER_SCRIPT_SANDBOXING = YES;
				GCC_C_LANGUAGE_STANDARD = gnu17;
				GCC_NO_COMMON_BLOCKS = YES;
				GCC_WARN_64_TO_32_BIT_CONVERSION = YES;
				GCC_WARN_ABOUT_RETURN_TYPE = YES_ERROR;
				GCC_WARN_UNDECLARED_SELECTOR = YES;
				GCC_WARN_UNINITIALIZED_AUTOS = YES_AGGRESSIVE;
				GCC_WARN_UNUSED_FUNCTION = YES;
				GCC_WARN_UNUSED_VARIABLE = YES;
				IPHONEOS_DEPLOYMENT_TARGET = 17.0;
				MTL_ENABLE_DEBUG_INFO = NO;
				MTL_FAST_MATH = YES;
				SDKROOT = iphoneos;
				STRING_CATALOG_GENERATE_SYMBOLS = YES;
				SWIFT_COMPILATION_MODE = wholemodule;
				VALIDATE_PRODUCT = YES;
			};
			name = Release;
		};
		LONGHORN019 /* Debug */ = {
			isa = XCBuildConfiguration;
			buildSettings = {
				ASSETCATALOG_COMPILER_APPICON_NAME = AppIcon;
				ASSETCATALOG_COMPILER_GLOBAL_ACCENT_COLOR_NAME = AccentColor;
				CODE_SIGN_IDENTITY = "Apple Development";
				CODE_SIGN_STYLE = Automatic;
				CURRENT_PROJECT_VERSION = 1;
				DEVELOPMENT_ASSET_PATHS = "";
				DEVELOPMENT_TEAM = P98ZU6498D;
				ENABLE_PREVIEWS = YES;
				GENERATE_INFOPLIST_FILE = YES;
				INFOPLIST_FILE = LonghornApp/Info.plist;
				INFOPLIST_KEY_CFBundleDisplayName = Longhorn;
				INFOPLIST_KEY_UIApplicationSceneManifest_Generation = YES;
				INFOPLIST_KEY_UIApplicationSupportsIndirectInputEvents = YES;
				INFOPLIST_KEY_UILaunchScreen_Generation = YES;
				INFOPLIST_KEY_UISupportedInterfaceOrientations_iPad = "UIInterfaceOrientationPortrait UIInterfaceOrientationPortraitUpsideDown UIInterfaceOrientationLandscapeLeft UIInterfaceOrientationLandscapeRight";
				INFOPLIST_KEY_UISupportedInterfaceOrientations_iPhone = "UIInterfaceOrientationPortrait UIInterfaceOrientationLandscapeLeft UIInterfaceOrientationLandscapeRight";
				LD_RUNPATH_SEARCH_PATHS = (
					"$(inherited)",
					"@executable_path/Frameworks",
				);
				MARKETING_VERSION = 1.0.0;
				PRODUCT_BUNDLE_IDENTIFIER = com.kinefinity.longhorn;
				PRODUCT_NAME = "$(TARGET_NAME)";
				PROVISIONING_PROFILE_SPECIFIER = "";
				SUPPORTED_PLATFORMS = "iphoneos iphonesimulator";
				SUPPORTS_MACCATALYST = YES;
				SWIFT_EMIT_LOC_STRINGS = YES;
				SWIFT_VERSION = 5.0;
				TARGETED_DEVICE_FAMILY = "1,2";
			};
			name = Debug;
		};
		LONGHORN020 /* Release */ = {
			isa = XCBuildConfiguration;
			buildSettings = {
				ASSETCATALOG_COMPILER_APPICON_NAME = AppIcon;
				ASSETCATALOG_COMPILER_GLOBAL_ACCENT_COLOR_NAME = AccentColor;
				CODE_SIGN_IDENTITY = "Apple Development";
				CODE_SIGN_STYLE = Automatic;
				CURRENT_PROJECT_VERSION = 1;
				DEVELOPMENT_ASSET_PATHS = "";
				DEVELOPMENT_TEAM = P98ZU6498D;
				ENABLE_PREVIEWS = YES;
				GENERATE_INFOPLIST_FILE = YES;
				INFOPLIST_FILE = LonghornApp/Info.plist;
				INFOPLIST_KEY_CFBundleDisplayName = Longhorn;
				INFOPLIST_KEY_UIApplicationSceneManifest_Generation = YES;
				INFOPLIST_KEY_UIApplicationSupportsIndirectInputEvents = YES;
				INFOPLIST_KEY_UILaunchScreen_Generation = YES;
				INFOPLIST_KEY_UISupportedInterfaceOrientations_iPad = "UIInterfaceOrientationPortrait UIInterfaceOrientationPortraitUpsideDown UIInterfaceOrientationLandscapeLeft UIInterfaceOrientationLandscapeRight";
				INFOPLIST_KEY_UISupportedInterfaceOrientations_iPhone = "UIInterfaceOrientationPortrait UIInterfaceOrientationLandscapeLeft UIInterfaceOrientationLandscapeRight";
				LD_RUNPATH_SEARCH_PATHS = (
					"$(inherited)",
					"@executable_path/Frameworks",
				);
				MARKETING_VERSION = 1.0.0;
				PRODUCT_BUNDLE_IDENTIFIER = com.kinefinity.longhorn;
				PRODUCT_NAME = "$(TARGET_NAME)";
				PROVISIONING_PROFILE_SPECIFIER = "";
				SUPPORTED_PLATFORMS = "iphoneos iphonesimulator";
				SUPPORTS_MACCATALYST = YES;
				SWIFT_EMIT_LOC_STRINGS = YES;
				SWIFT_VERSION = 5.0;
				TARGETED_DEVICE_FAMILY = "1,2";
			};
			name = Release;
		};
/* End XCBuildConfiguration section */

/* Begin XCConfigurationList section */
		LONGHORN012 /* Build configuration list for PBXNativeTarget "LonghornApp" */ = {
			isa = XCConfigurationList;
			buildConfigurations = (
				LONGHORN019 /* Debug */,
				LONGHORN020 /* Release */,
			);
			defaultConfigurationIsVisible = 0;
			defaultConfigurationName = Release;
		};
		LONGHORN016 /* Build configuration list for PBXProject "LonghornApp" */ = {
			isa = XCConfigurationList;
			buildConfigurations = (
				LONGHORN017 /* Debug */,
				LONGHORN018 /* Release */,
			);
			defaultConfigurationIsVisible = 0;
			defaultConfigurationName = Release;
		};
/* End XCConfigurationList section */
	};
	rootObject = LONGHORN015 /* Project object */;
}
